// !$*UTF8*$!
{
	archiveVersion = 1;
	classes = {
	};
	objectVersion = 56;
	objects = {

/* Begin PBXBuildFile section */
		277BC78F2B2EAEDF0068E143 /* CardsPileView.swift in Sources */ = {isa = PBXBuildFile; fileRef = 277BC78E2B2EAEDF0068E143 /* CardsPileView.swift */; };
		27BBAD522B08A6AA006E7F33 /* Set_GameApp.swift in Sources */ = {isa = PBXBuildFile; fileRef = 27BBAD512B08A6AA006E7F33 /* Set_GameApp.swift */; };
		27BBAD542B08A6AA006E7F33 /* ContentView.swift in Sources */ = {isa = PBXBuildFile; fileRef = 27BBAD532B08A6AA006E7F33 /* ContentView.swift */; };
		27BBAD562B08A6AC006E7F33 /* Assets.xcassets in Resources */ = {isa = PBXBuildFile; fileRef = 27BBAD552B08A6AC006E7F33 /* Assets.xcassets */; };
		27BBAD592B08A6AC006E7F33 /* Preview Assets.xcassets in Resources */ = {isa = PBXBuildFile; fileRef = 27BBAD582B08A6AC006E7F33 /* Preview Assets.xcassets */; };
		27BBAD602B08A702006E7F33 /* CardView.swift in Sources */ = {isa = PBXBuildFile; fileRef = 27BBAD5F2B08A702006E7F33 /* CardView.swift */; };
		27BBAD622B0A0655006E7F33 /* Diamond.swift in Sources */ = {isa = PBXBuildFile; fileRef = 27BBAD612B0A0655006E7F33 /* Diamond.swift */; };
		27BBAD642B0DB80E006E7F33 /* Card.swift in Sources */ = {isa = PBXBuildFile; fileRef = 27BBAD632B0DB80E006E7F33 /* Card.swift */; };
		27BBAD662B0DBB87006E7F33 /* GameView.swift in Sources */ = {isa = PBXBuildFile; fileRef = 27BBAD652B0DBB87006E7F33 /* GameView.swift */; };
		27BBAD682B0DBE61006E7F33 /* GameCards.swift in Sources */ = {isa = PBXBuildFile; fileRef = 27BBAD672B0DBE61006E7F33 /* GameCards.swift */; };
		27BBAD6A2B0DBF2B006E7F33 /* SetGame.swift in Sources */ = {isa = PBXBuildFile; fileRef = 27BBAD692B0DBF2B006E7F33 /* SetGame.swift */; };
/* End PBXBuildFile section */

/* Begin PBXFileReference section */
		277BC78E2B2EAEDF0068E143 /* CardsPileView.swift */ = {isa = PBXFileReference; lastKnownFileType = sourcecode.swift; path = CardsPileView.swift; sourceTree = "<group>"; };
		27BBAD4E2B08A6AA006E7F33 /* Set Game.app */ = {isa = PBXFileReference; explicitFileType = wrapper.application; includeInIndex = 0; path = "Set Game.app"; sourceTree = BUILT_PRODUCTS_DIR; };
		27BBAD512B08A6AA006E7F33 /* Set_GameApp.swift */ = {isa = PBXFileReference; lastKnownFileType = sourcecode.swift; path = Set_GameApp.swift; sourceTree = "<group>"; };
		27BBAD532B08A6AA006E7F33 /* ContentView.swift */ = {isa = PBXFileReference; lastKnownFileType = sourcecode.swift; path = ContentView.swift; sourceTree = "<group>"; };
		27BBAD552B08A6AC006E7F33 /* Assets.xcassets */ = {isa = PBXFileReference; lastKnownFileType = folder.assetcatalog; path = Assets.xcassets; sourceTree = "<group>"; };
		27BBAD582B08A6AC006E7F33 /* Preview Assets.xcassets */ = {isa = PBXFileReference; lastKnownFileType = folder.assetcatalog; path = "Preview Assets.xcassets"; sourceTree = "<group>"; };
		27BBAD5F2B08A702006E7F33 /* CardView.swift */ = {isa = PBXFileReference; lastKnownFileType = sourcecode.swift; path = CardView.swift; sourceTree = "<group>"; };
		27BBAD612B0A0655006E7F33 /* Diamond.swift */ = {isa = PBXFileReference; lastKnownFileType = sourcecode.swift; path = Diamond.swift; sourceTree = "<group>"; };
		27BBAD632B0DB80E006E7F33 /* Card.swift */ = {isa = PBXFileReference; lastKnownFileType = sourcecode.swift; path = Card.swift; sourceTree = "<group>"; };
		27BBAD652B0DBB87006E7F33 /* GameView.swift */ = {isa = PBXFileReference; lastKnownFileType = sourcecode.swift; path = GameView.swift; sourceTree = "<group>"; };
		27BBAD672B0DBE61006E7F33 /* GameCards.swift */ = {isa = PBXFileReference; lastKnownFileType = sourcecode.swift; path = GameCards.swift; sourceTree = "<group>"; };
		27BBAD692B0DBF2B006E7F33 /* SetGame.swift */ = {isa = PBXFileReference; lastKnownFileType = sourcecode.swift; path = SetGame.swift; sourceTree = "<group>"; };
/* End PBXFileReference section */

/* Begin PBXFrameworksBuildPhase section */
		27BBAD4B2B08A6AA006E7F33 /* Frameworks */ = {
			isa = PBXFrameworksBuildPhase;
			buildActionMask = 2147483647;
			files = (
			);
			runOnlyForDeploymentPostprocessing = 0;
		};
/* End PBXFrameworksBuildPhase section */

/* Begin PBXGroup section */
		27BBAD452B08A6AA006E7F33 = {
			isa = PBXGroup;
			children = (
				27BBAD502B08A6AA006E7F33 /* Set Game */,
				27BBAD4F2B08A6AA006E7F33 /* Products */,
			);
			sourceTree = "<group>";
		};
		27BBAD4F2B08A6AA006E7F33 /* Products */ = {
			isa = PBXGroup;
			children = (
				27BBAD4E2B08A6AA006E7F33 /* Set Game.app */,
			);
			name = Products;
			sourceTree = "<group>";
		};
		27BBAD502B08A6AA006E7F33 /* Set Game */ = {
			isa = PBXGroup;
			children = (
				27BBAD512B08A6AA006E7F33 /* Set_GameApp.swift */,
				27BBAD532B08A6AA006E7F33 /* ContentView.swift */,
				27BBAD632B0DB80E006E7F33 /* Card.swift */,
				27BBAD672B0DBE61006E7F33 /* GameCards.swift */,
				27BBAD692B0DBF2B006E7F33 /* SetGame.swift */,
				27BBAD5F2B08A702006E7F33 /* CardView.swift */,
				27BBAD652B0DBB87006E7F33 /* GameView.swift */,
				277BC78E2B2EAEDF0068E143 /* CardsPileView.swift */,
				27BBAD612B0A0655006E7F33 /* Diamond.swift */,
				27BBAD552B08A6AC006E7F33 /* Assets.xcassets */,
				27BBAD572B08A6AC006E7F33 /* Preview Content */,
			);
			path = "Set Game";
			sourceTree = "<group>";
		};
		27BBAD572B08A6AC006E7F33 /* Preview Content */ = {
			isa = PBXGroup;
			children = (
				27BBAD582B08A6AC006E7F33 /* Preview Assets.xcassets */,
			);
			path = "Preview Content";
			sourceTree = "<group>";
		};
/* End PBXGroup section */

/* Begin PBXNativeTarget section */
		27BBAD4D2B08A6AA006E7F33 /* Set Game */ = {
			isa = PBXNativeTarget;
			buildConfigurationList = 27BBAD5C2B08A6AC006E7F33 /* Build configuration list for PBXNativeTarget "Set Game" */;
			buildPhases = (
				27BBAD4A2B08A6AA006E7F33 /* Sources */,
				27BBAD4B2B08A6AA006E7F33 /* Frameworks */,
				27BBAD4C2B08A6AA006E7F33 /* Resources */,
			);
			buildRules = (
			);
			dependencies = (
			);
			name = "Set Game";
			productName = "Set Game";
			productReference = 27BBAD4E2B08A6AA006E7F33 /* Set Game.app */;
			productType = "com.apple.product-type.application";
		};
/* End PBXNativeTarget section */

/* Begin PBXProject section */
		27BBAD462B08A6AA006E7F33 /* Project object */ = {
			isa = PBXProject;
			attributes = {
				BuildIndependentTargetsInParallel = 1;
				LastSwiftUpdateCheck = 1500;
				LastUpgradeCheck = 1500;
				TargetAttributes = {
					27BBAD4D2B08A6AA006E7F33 = {
						CreatedOnToolsVersion = 15.0.1;
					};
				};
			};
			buildConfigurationList = 27BBAD492B08A6AA006E7F33 /* Build configuration list for PBXProject "Set Game" */;
			compatibilityVersion = "Xcode 14.0";
			developmentRegion = en;
			hasScannedForEncodings = 0;
			knownRegions = (
				en,
				Base,
			);
			mainGroup = 27BBAD452B08A6AA006E7F33;
			productRefGroup = 27BBAD4F2B08A6AA006E7F33 /* Products */;
			projectDirPath = "";
			projectRoot = "";
			targets = (
				27BBAD4D2B08A6AA006E7F33 /* Set Game */,
			);
		};
/* End PBXProject section */

/* Begin PBXResourcesBuildPhase section */
		27BBAD4C2B08A6AA006E7F33 /* Resources */ = {
			isa = PBXResourcesBuildPhase;
			buildActionMask = 2147483647;
			files = (
				27BBAD592B08A6AC006E7F33 /* Preview Assets.xcassets in Resources */,
				27BBAD562B08A6AC006E7F33 /* Assets.xcassets in Resources */,
			);
			runOnlyForDeploymentPostprocessing = 0;
		};
/* End PBXResourcesBuildPhase section */

/* Begin PBXSourcesBuildPhase section */
		27BBAD4A2B08A6AA006E7F33 /* Sources */ = {
			isa = PBXSourcesBuildPhase;
			buildActionMask = 2147483647;
			files = (
				27BBAD542B08A6AA006E7F33 /* ContentView.swift in Sources */,
				27BBAD602B08A702006E7F33 /* CardView.swift in Sources */,
				27BBAD522B08A6AA006E7F33 /* Set_GameApp.swift in Sources */,
				27BBAD622B0A0655006E7F33 /* Diamond.swift in Sources */,
				27BBAD682B0DBE61006E7F33 /* GameCards.swift in Sources */,
				27BBAD662B0DBB87006E7F33 /* GameView.swift in Sources */,
				27BBAD6A2B0DBF2B006E7F33 /* SetGame.swift in Sources */,
				277BC78F2B2EAEDF0068E143 /* CardsPileView.swift in Sources */,
				27BBAD642B0DB80E006E7F33 /* Card.swift in Sources */,
			);
			runOnlyForDeploymentPostprocessing = 0;
		};
/* End PBXSourcesBuildPhase section */

/* Begin XCBuildConfiguration section */
		27BBAD5A2B08A6AC006E7F33 /* Debug */ = {
			isa = XCBuildConfiguration;
			buildSettings = {
				ALWAYS_SEARCH_USER_PATHS = NO;
				ASSETCATALOG_COMPILER_GENERATE_SWIFT_ASSET_SYMBOL_EXTENSIONS = YES;
				CLANG_ANALYZER_NONNULL = YES;
				CLANG_ANALYZER_NUMBER_OBJECT_CONVERSION = YES_AGGRESSIVE;
				CLANG_CXX_LANGUAGE_STANDARD = "gnu++20";
				CLANG_ENABLE_MODULES = YES;
				CLANG_ENABLE_OBJC_ARC = YES;
				CLANG_ENABLE_OBJC_WEAK = YES;
				CLANG_WARN_BLOCK_CAPTURE_AUTORELEASING = YES;
				CLANG_WARN_BOOL_CONVERSION = YES;
				CLANG_WARN_COMMA = YES;
				CLANG_WARN_CONSTANT_CONVERSION = YES;
				CLANG_WARN_DEPRECATED_OBJC_IMPLEMENTATIONS = YES;
				CLANG_WARN_DIRECT_OBJC_ISA_USAGE = YES_ERROR;
				CLANG_WARN_DOCUMENTATION_COMMENTS = YES;
				CLANG_WARN_EMPTY_BODY = YES;
				CLANG_WARN_ENUM_CONVERSION = YES;
				CLANG_WARN_INFINITE_RECURSION = YES;
				CLANG_WARN_INT_CONVERSION = YES;
				CLANG_WARN_NON_LITERAL_NULL_CONVERSION = YES;
				CLANG_WARN_OBJC_IMPLICIT_RETAIN_SELF = YES;
				CLANG_WARN_OBJC_LITERAL_CONVERSION = YES;
				CLANG_WARN_OBJC_ROOT_CLASS = YES_ERROR;
				CLANG_WARN_QUOTED_INCLUDE_IN_FRAMEWORK_HEADER = YES;
				CLANG_WARN_RANGE_LOOP_ANALYSIS = YES;
				CLANG_WARN_STRICT_PROTOTYPES = YES;
				CLANG_WARN_SUSPICIOUS_MOVE = YES;
				CLANG_WARN_UNGUARDED_AVAILABILITY = YES_AGGRESSIVE;
				CLANG_WARN_UNREACHABLE_CODE = YES;
				CLANG_WARN__DUPLICATE_METHOD_MATCH = YES;
				COPY_PHASE_STRIP = NO;
				DEBUG_INFORMATION_FORMAT = dwarf;
				ENABLE_STRICT_OBJC_MSGSEND = YES;
				ENABLE_TESTABILITY = YES;
				ENABLE_USER_SCRIPT_SANDBOXING = YES;
				GCC_C_LANGUAGE_STANDARD = gnu17;
				GCC_DYNAMIC_NO_PIC = NO;
				GCC_NO_COMMON_BLOCKS = YES;
				GCC_OPTIMIZATION_LEVEL = 0;
				GCC_PREPROCESSOR_DEFINITIONS = (
					"DEBUG=1",
					"$(inherited)",
				);
				GCC_WARN_64_TO_32_BIT_CONVERSION = YES;
				GCC_WARN_ABOUT_RETURN_TYPE = YES_ERROR;
				GCC_WARN_UNDECLARED_SELECTOR = YES;
				GCC_WARN_UNINITIALIZED_AUTOS = YES_AGGRESSIVE;
				GCC_WARN_UNUSED_FUNCTION = YES;
				GCC_WARN_UNUSED_VARIABLE = YES;
				IPHONEOS_DEPLOYMENT_TARGET = 17.0;
				LOCALIZATION_PREFERS_STRING_CATALOGS = YES;
				MTL_ENABLE_DEBUG_INFO = INCLUDE_SOURCE;
				MTL_FAST_MATH = YES;
				ONLY_ACTIVE_ARCH = YES;
				SDKROOT = iphoneos;
				SWIFT_ACTIVE_COMPILATION_CONDITIONS = "DEBUG $(inherited)";
				SWIFT_OPTIMIZATION_LEVEL = "-Onone";
			};
			name = Debug;
		};
		27BBAD5B2B08A6AC006E7F33 /* Release */ = {
			isa = XCBuildConfiguration;
			buildSettings = {
				ALWAYS_SEARCH_USER_PATHS = NO;
				ASSETCATALOG_COMPILER_GENERATE_SWIFT_ASSET_SYMBOL_EXTENSIONS = YES;
				CLANG_ANALYZER_NONNULL = YES;
				CLANG_ANALYZER_NUMBER_OBJECT_CONVERSION = YES_AGGRESSIVE;
				CLANG_CXX_LANGUAGE_STANDARD = "gnu++20";
				CLANG_ENABLE_MODULES = YES;
				CLANG_ENABLE_OBJC_ARC = YES;
				CLANG_ENABLE_OBJC_WEAK = YES;
				CLANG_WARN_BLOCK_CAPTURE_AUTORELEASING = YES;
				CLANG_WARN_BOOL_CONVERSION = YES;
				CLANG_WARN_COMMA = YES;
				CLANG_WARN_CONSTANT_CONVERSION = YES;
				CLANG_WARN_DEPRECATED_OBJC_IMPLEMENTATIONS = YES;
				CLANG_WARN_DIRECT_OBJC_ISA_USAGE = YES_ERROR;
				CLANG_WARN_DOCUMENTATION_COMMENTS = YES;
				CLANG_WARN_EMPTY_BODY = YES;
				CLANG_WARN_ENUM_CONVERSION = YES;
				CLANG_WARN_INFINITE_RECURSION = YES;
				CLANG_WARN_INT_CONVERSION = YES;
				CLANG_WARN_NON_LITERAL_NULL_CONVERSION = YES;
				CLANG_WARN_OBJC_IMPLICIT_RETAIN_SELF = YES;
				CLANG_WARN_OBJC_LITERAL_CONVERSION = YES;
				CLANG_WARN_OBJC_ROOT_CLASS = YES_ERROR;
				CLANG_WARN_QUOTED_INCLUDE_IN_FRAMEWORK_HEADER = YES;
				CLANG_WARN_RANGE_LOOP_ANALYSIS = YES;
				CLANG_WARN_STRICT_PROTOTYPES = YES;
				CLANG_WARN_SUSPICIOUS_MOVE = YES;
				CLANG_WARN_UNGUARDED_AVAILABILITY = YES_AGGRESSIVE;
				CLANG_WARN_UNREACHABLE_CODE = YES;
				CLANG_WARN__DUPLICATE_METHOD_MATCH = YES;
				COPY_PHASE_STRIP = NO;
				DEBUG_INFORMATION_FORMAT = "dwarf-with-dsym";
				ENABLE_NS_ASSERTIONS = NO;
				ENABLE_STRICT_OBJC_MSGSEND = YES;
				ENABLE_USER_SCRIPT_SANDBOXING = YES;
				GCC_C_LANGUAGE_STANDARD = gnu17;
				GCC_NO_COMMON_BLOCKS = YES;
				GCC_WARN_64_TO_32_BIT_CONVERSION = YES;
				GCC_WARN_ABOUT_RETURN_TYPE = YES_ERROR;
				GCC_WARN_UNDECLARED_SELECTOR = YES;
				GCC_WARN_UNINITIALIZED_AUTOS = YES_AGGRESSIVE;
				GCC_WARN_UNUSED_FUNCTION = YES;
				GCC_WARN_UNUSED_VARIABLE = YES;
				IPHONEOS_DEPLOYMENT_TARGET = 17.0;
				LOCALIZATION_PREFERS_STRING_CATALOGS = YES;
				MTL_ENABLE_DEBUG_INFO = NO;
				MTL_FAST_MATH = YES;
				SDKROOT = iphoneos;
				SWIFT_COMPILATION_MODE = wholemodule;
				VALIDATE_PRODUCT = YES;
			};
			name = Release;
		};
		27BBAD5D2B08A6AC006E7F33 /* Debug */ = {
			isa = XCBuildConfiguration;
			buildSettings = {
				ASSETCATALOG_COMPILER_APPICON_NAME = AppIcon;
				ASSETCATALOG_COMPILER_GLOBAL_ACCENT_COLOR_NAME = AccentColor;
				CODE_SIGN_STYLE = Automatic;
				CURRENT_PROJECT_VERSION = 1;
				DEVELOPMENT_ASSET_PATHS = "\"Set Game/Preview Content\"";
				DEVELOPMENT_TEAM = YQ3599PTAW;
				ENABLE_PREVIEWS = YES;
				GENERATE_INFOPLIST_FILE = YES;
				INFOPLIST_KEY_UIApplicationSceneManifest_Generation = YES;
				INFOPLIST_KEY_UIApplicationSupportsIndirectInputEvents = YES;
				INFOPLIST_KEY_UILaunchScreen_Generation = YES;
				INFOPLIST_KEY_UISupportedInterfaceOrientations_iPad = "UIInterfaceOrientationPortrait UIInterfaceOrientationPortraitUpsideDown UIInterfaceOrientationLandscapeLeft UIInterfaceOrientationLandscapeRight";
				INFOPLIST_KEY_UISupportedInterfaceOrientations_iPhone = "UIInterfaceOrientationPortrait UIInterfaceOrientationLandscapeLeft UIInterfaceOrientationLandscapeRight";
				LD_RUNPATH_SEARCH_PATHS = (
					"$(inherited)",
					"@executable_path/Frameworks",
				);
				MARKETING_VERSION = 1.0;
				PRODUCT_BUNDLE_IDENTIFIER = "io.github.tiancongli.Set-Game";
				PRODUCT_NAME = "$(TARGET_NAME)";
				SWIFT_EMIT_LOC_STRINGS = YES;
				SWIFT_VERSION = 5.0;
				TARGETED_DEVICE_FAMILY = "1,2";
			};
			name = Debug;
		};
		27BBAD5E2B08A6AC006E7F33 /* Release */ = {
			isa = XCBuildConfiguration;
			buildSettings = {
				ASSETCATALOG_COMPILER_APPICON_NAME = AppIcon;
				ASSETCATALOG_COMPILER_GLOBAL_ACCENT_COLOR_NAME = AccentColor;
				CODE_SIGN_STYLE = Automatic;
				CURRENT_PROJECT_VERSION = 1;
				DEVELOPMENT_ASSET_PATHS = "\"Set Game/Preview Content\"";
				DEVELOPMENT_TEAM = YQ3599PTAW;
				ENABLE_PREVIEWS = YES;
				GENERATE_INFOPLIST_FILE = YES;
				INFOPLIST_KEY_UIApplicationSceneManifest_Generation = YES;
				INFOPLIST_KEY_UIApplicationSupportsIndirectInputEvents = YES;
				INFOPLIST_KEY_UILaunchScreen_Generation = YES;
				INFOPLIST_KEY_UISupportedInterfaceOrientations_iPad = "UIInterfaceOrientationPortrait UIInterfaceOrientationPortraitUpsideDown UIInterfaceOrientationLandscapeLeft UIInterfaceOrientationLandscapeRight";
				INFOPLIST_KEY_UISupportedInterfaceOrientations_iPhone = "UIInterfaceOrientationPortrait UIInterfaceOrientationLandscapeLeft UIInterfaceOrientationLandscapeRight";
				LD_RUNPATH_SEARCH_PATHS = (
					"$(inherited)",
					"@executable_path/Frameworks",
				);
				MARKETING_VERSION = 1.0;
				PRODUCT_BUNDLE_IDENTIFIER = "io.github.tiancongli.Set-Game";
				PRODUCT_NAME = "$(TARGET_NAME)";
				SWIFT_EMIT_LOC_STRINGS = YES;
				SWIFT_VERSION = 5.0;
				TARGETED_DEVICE_FAMILY = "1,2";
			};
			name = Release;
		};
/* End XCBuildConfiguration section */

/* Begin XCConfigurationList section */
		27BBAD492B08A6AA006E7F33 /* Build configuration list for PBXProject "Set Game" */ = {
			isa = XCConfigurationList;
			buildConfigurations = (
				27BBAD5A2B08A6AC006E7F33 /* Debug */,
				27BBAD5B2B08A6AC006E7F33 /* Release */,
			);
			defaultConfigurationIsVisible = 0;
			defaultConfigurationName = Release;
		};
		27BBAD5C2B08A6AC006E7F33 /* Build configuration list for PBXNativeTarget "Set Game" */ = {
			isa = XCConfigurationList;
			buildConfigurations = (
				27BBAD5D2B08A6AC006E7F33 /* Debug */,
				27BBAD5E2B08A6AC006E7F33 /* Release */,
			);
			defaultConfigurationIsVisible = 0;
			defaultConfigurationName = Release;
		};
/* End XCConfigurationList section */
	};
	rootObject = 27BBAD462B08A6AA006E7F33 /* Project object */;
}
